
Microsoft Visual Studio Solution File, Format Version 12.00
# Visual Studio 2013
VisualStudioVersion = 12.0.30501.0
MinimumVisualStudioVersion = 10.0.40219.1
Project("{FAE04EC0-301F-11D3-BF4B-00C04F79EFBC}") = "Calendar", "Calendar\Calendar.csproj", "{CEA45D69-5A99-4C27-886A-F30CA9DF3AA3}"
EndProject
Global
	GlobalSection(SolutionConfigurationPlatforms) = preSolution
		Debug|Any CPU = Debug|Any CPU
		Release|Any CPU = Release|Any CPU
	EndGlobalSection
	GlobalSection(ProjectConfigurationPlatforms) = postSolution
		{CEA45D69-5A99-4C27-886A-F30CA9DF3AA3}.Debug|Any CPU.ActiveCfg = Debug|Any CPU
		{CEA45D69-5A99-4C27-886A-F30CA9DF3AA3}.Debug|Any CPU.Build.0 = Debug|Any CPU
		{CEA45D69-5A99-4C27-886A-F30CA9DF3AA3}.Release|Any CPU.ActiveCfg = Release|Any CPU
		{CEA45D69-5A99-4C27-886A-F30CA9DF3AA3}.Release|Any CPU.Build.0 = Release|Any CPU
	EndGlobalSection
	GlobalSection(SolutionProperties) = preSolution
		HideSolutionNode = FALSE
	EndGlobalSection
	GlobalSection(ExtensibilityGlobals) = postSolution
		SolutionGuid = {5A07FD38-DC70-4CB6-98FB-740B09CF121F}
	EndGlobalSection
EndGlobal
